
Microsoft Visual Studio Solution File, Format Version 12.00
# Visual Studio Version 16
VisualStudioVersion = 16.0.29709.97
MinimumVisualStudioVersion = 10.0.40219.1
Project("{9A19103F-16F7-4668-BE54-9A1E7A4F7556}") = "InfiniteFrontEndApi", "InfiniteFrontEndApi.csproj", "{56C117A7-3DF6-4F96-8843-8E10D5B1073F}"
EndProject
Project("{FAE04EC0-301F-11D3-BF4B-00C04F79EFBC}") = "InfiniteFrontEndApi.Tests", "..\InfiniteFrontEndApi.Tests\InfiniteFrontEndApi.Tests.csproj", "{E1FEC575-88E5-4D00-A243-DBA525E496D1}"
EndProject
Global
	GlobalSection(SolutionConfigurationPlatforms) = preSolution
		Debug|Any CPU = Debug|Any CPU
		Release|Any CPU = Release|Any CPU
	EndGlobalSection
	GlobalSection(ProjectConfigurationPlatforms) = postSolution
		{56C117A7-3DF6-4F96-8843-8E10D5B1073F}.Debug|Any CPU.ActiveCfg = Debug|Any CPU
		{56C117A7-3DF6-4F96-8843-8E10D5B1073F}.Debug|Any CPU.Build.0 = Debug|Any CPU
		{56C117A7-3DF6-4F96-8843-8E10D5B1073F}.Release|Any CPU.ActiveCfg = Release|Any CPU
		{56C117A7-3DF6-4F96-8843-8E10D5B1073F}.Release|Any CPU.Build.0 = Release|Any CPU
		{E1FEC575-88E5-4D00-A243-DBA525E496D1}.Debug|Any CPU.ActiveCfg = Debug|Any CPU
		{E1FEC575-88E5-4D00-A243-DBA525E496D1}.Debug|Any CPU.Build.0 = Debug|Any CPU
		{E1FEC575-88E5-4D00-A243-DBA525E496D1}.Release|Any CPU.ActiveCfg = Release|Any CPU
		{E1FEC575-88E5-4D00-A243-DBA525E496D1}.Release|Any CPU.Build.0 = Release|Any CPU
	EndGlobalSection
	GlobalSection(SolutionProperties) = preSolution
		HideSolutionNode = FALSE
	EndGlobalSection
	GlobalSection(ExtensibilityGlobals) = postSolution
		SolutionGuid = {D1DA9BFA-9891-45B1-BAE4-2A34C5834C43}
	EndGlobalSection
EndGlobal
